Microsoft Visual Studio Solution File, Format Version 11.00
# Visual Studio 2008

Project("{F752048A-863A-C70C-B375-C833B036FABE}") = "WarOfDoms", "Assembly-CSharp.csproj", "{1F48E9F8-A6C7-98FE-60DF-D514BF5D78AB}"
EndProject
Project("{F752048A-863A-C70C-B375-C833B036FABE}") = "WarOfDoms", "Assembly-UnityScript.unityproj", "{F488A14F-F6BC-0103-B32D-8090D25F53E0}"
EndProject
Global
	GlobalSection(SolutionConfigurationPlatforms) = preSolution
		Debug|Any CPU = Debug|Any CPU
		Release|Any CPU = Release|Any CPU
	EndGlobalSection
	GlobalSection(ProjectConfigurationPlatforms) = postSolution
		{1F48E9F8-A6C7-98FE-60DF-D514BF5D78AB}.Debug|Any CPU.ActiveCfg = Debug|Any CPU
		{1F48E9F8-A6C7-98FE-60DF-D514BF5D78AB}.Debug|Any CPU.Build.0 = Debug|Any CPU
		{1F48E9F8-A6C7-98FE-60DF-D514BF5D78AB}.Release|Any CPU.ActiveCfg = Release|Any CPU
		{1F48E9F8-A6C7-98FE-60DF-D514BF5D78AB}.Release|Any CPU.Build.0 = Release|Any CPU
		{F488A14F-F6BC-0103-B32D-8090D25F53E0}.Debug|Any CPU.ActiveCfg = Debug|Any CPU
		{F488A14F-F6BC-0103-B32D-8090D25F53E0}.Debug|Any CPU.Build.0 = Debug|Any CPU
		{F488A14F-F6BC-0103-B32D-8090D25F53E0}.Release|Any CPU.ActiveCfg = Release|Any CPU
		{F488A14F-F6BC-0103-B32D-8090D25F53E0}.Release|Any CPU.Build.0 = Release|Any CPU
	EndGlobalSection
	GlobalSection(SolutionProperties) = preSolution
		HideSolutionNode = FALSE
	EndGlobalSection
																																																																											GlobalSection(MonoDevelopProperties) = preSolution
		StartupItem = Assembly-CSharp.csproj
		Policies = $0
		$0.TextStylePolicy = $1
		$1.inheritsSet = null
		$1.scope = text/x-csharp
		$0.CSharpFormattingPolicy = $2
		$2.inheritsSet = Mono
		$2.inheritsScope = text/x-csharp
		$2.scope = text/x-csharp
		$0.TextStylePolicy = $3
		$3.FileWidth = 120
		$3.TabWidth = 4
		$3.EolMarker = Unix
		$3.inheritsSet = Mono
		$3.inheritsScope = text/plain
		$3.scope = text/plain
	EndGlobalSection

EndGlobal
